
Microsoft Visual Studio Solution File, Format Version 12.00
# Visual Studio Version 17
VisualStudioVersion = 17.5.002.0
MinimumVisualStudioVersion = 10.0.40219.1
Project("{9A19103F-16F7-4668-BE54-9A1E7A4F7556}") = "54", "54.csproj", "{D35CE72A-9CE1-47A1-B9C2-93240087ED54}"
EndProject
Global
	GlobalSection(SolutionConfigurationPlatforms) = preSolution
		Debug|Any CPU = Debug|Any CPU
		Release|Any CPU = Release|Any CPU
	EndGlobalSection
	GlobalSection(ProjectConfigurationPlatforms) = postSolution
		{D35CE72A-9CE1-47A1-B9C2-93240087ED54}.Debug|Any CPU.ActiveCfg = Debug|Any CPU
		{D35CE72A-9CE1-47A1-B9C2-93240087ED54}.Debug|Any CPU.Build.0 = Debug|Any CPU
		{D35CE72A-9CE1-47A1-B9C2-93240087ED54}.Release|Any CPU.ActiveCfg = Release|Any CPU
		{D35CE72A-9CE1-47A1-B9C2-93240087ED54}.Release|Any CPU.Build.0 = Release|Any CPU
	EndGlobalSection
	GlobalSection(SolutionProperties) = preSolution
		HideSolutionNode = FALSE
	EndGlobalSection
	GlobalSection(ExtensibilityGlobals) = postSolution
		SolutionGuid = {35F27A85-F5D8-4EE1-AF39-84E62325BAE7}
	EndGlobalSection
EndGlobal
