
Microsoft Visual Studio Solution File, Format Version 12.00
# Visual Studio Version 17
VisualStudioVersion = 17.5.002.0
MinimumVisualStudioVersion = 10.0.40219.1
Project("{9A19103F-16F7-4668-BE54-9A1E7A4F7556}") = "58", "58.csproj", "{DBD61507-AC1C-4EB4-86FB-394B14A9125F}"
EndProject
Global
	GlobalSection(SolutionConfigurationPlatforms) = preSolution
		Debug|Any CPU = Debug|Any CPU
		Release|Any CPU = Release|Any CPU
	EndGlobalSection
	GlobalSection(ProjectConfigurationPlatforms) = postSolution
		{DBD61507-AC1C-4EB4-86FB-394B14A9125F}.Debug|Any CPU.ActiveCfg = Debug|Any CPU
		{DBD61507-AC1C-4EB4-86FB-394B14A9125F}.Debug|Any CPU.Build.0 = Debug|Any CPU
		{DBD61507-AC1C-4EB4-86FB-394B14A9125F}.Release|Any CPU.ActiveCfg = Release|Any CPU
		{DBD61507-AC1C-4EB4-86FB-394B14A9125F}.Release|Any CPU.Build.0 = Release|Any CPU
	EndGlobalSection
	GlobalSection(SolutionProperties) = preSolution
		HideSolutionNode = FALSE
	EndGlobalSection
	GlobalSection(ExtensibilityGlobals) = postSolution
		SolutionGuid = {7F73E3BB-CF0A-48D1-820B-9BA48FA8A7C1}
	EndGlobalSection
EndGlobal
