
Microsoft Visual Studio Solution File, Format Version 12.00
# Visual Studio Version 17
VisualStudioVersion = 17.5.002.0
MinimumVisualStudioVersion = 10.0.40219.1
Project("{9A19103F-16F7-4668-BE54-9A1E7A4F7556}") = "47", "47.csproj", "{53DC2B27-684D-4835-8EBB-4A5D6D8CD927}"
EndProject
Global
	GlobalSection(SolutionConfigurationPlatforms) = preSolution
		Debug|Any CPU = Debug|Any CPU
		Release|Any CPU = Release|Any CPU
	EndGlobalSection
	GlobalSection(ProjectConfigurationPlatforms) = postSolution
		{53DC2B27-684D-4835-8EBB-4A5D6D8CD927}.Debug|Any CPU.ActiveCfg = Debug|Any CPU
		{53DC2B27-684D-4835-8EBB-4A5D6D8CD927}.Debug|Any CPU.Build.0 = Debug|Any CPU
		{53DC2B27-684D-4835-8EBB-4A5D6D8CD927}.Release|Any CPU.ActiveCfg = Release|Any CPU
		{53DC2B27-684D-4835-8EBB-4A5D6D8CD927}.Release|Any CPU.Build.0 = Release|Any CPU
	EndGlobalSection
	GlobalSection(SolutionProperties) = preSolution
		HideSolutionNode = FALSE
	EndGlobalSection
	GlobalSection(ExtensibilityGlobals) = postSolution
		SolutionGuid = {AA088DE9-DB41-4B87-BD97-69285D038843}
	EndGlobalSection
EndGlobal
