
Microsoft Visual Studio Solution File, Format Version 12.00
# Visual Studio Version 17
VisualStudioVersion = 17.5.002.0
MinimumVisualStudioVersion = 10.0.40219.1
Project("{9A19103F-16F7-4668-BE54-9A1E7A4F7556}") = "60", "60.csproj", "{5A49DD4B-0A6E-4EC2-BBE6-2CFCB2E9093F}"
EndProject
Global
	GlobalSection(SolutionConfigurationPlatforms) = preSolution
		Debug|Any CPU = Debug|Any CPU
		Release|Any CPU = Release|Any CPU
	EndGlobalSection
	GlobalSection(ProjectConfigurationPlatforms) = postSolution
		{5A49DD4B-0A6E-4EC2-BBE6-2CFCB2E9093F}.Debug|Any CPU.ActiveCfg = Debug|Any CPU
		{5A49DD4B-0A6E-4EC2-BBE6-2CFCB2E9093F}.Debug|Any CPU.Build.0 = Debug|Any CPU
		{5A49DD4B-0A6E-4EC2-BBE6-2CFCB2E9093F}.Release|Any CPU.ActiveCfg = Release|Any CPU
		{5A49DD4B-0A6E-4EC2-BBE6-2CFCB2E9093F}.Release|Any CPU.Build.0 = Release|Any CPU
	EndGlobalSection
	GlobalSection(SolutionProperties) = preSolution
		HideSolutionNode = FALSE
	EndGlobalSection
	GlobalSection(ExtensibilityGlobals) = postSolution
		SolutionGuid = {19CB6009-3333-4436-AB4E-34E0B29DBD31}
	EndGlobalSection
EndGlobal
